// !$*UTF8*$!
{
	archiveVersion = 1;
	classes = {
	};
	objectVersion = 56;
	objects = {

/* Begin PBXBuildFile section */
		771B81292C154E0900B6BE3D /* Example2.swift in Sources */ = {isa = PBXBuildFile; fileRef = 771B81282C154E0900B6BE3D /* Example2.swift */; };
		774391072C1620480067147A /* Example3.swift in Sources */ = {isa = PBXBuildFile; fileRef = 774391062C1620480067147A /* Example3.swift */; };
		774391092C1624CC0067147A /* Example1.swift in Sources */ = {isa = PBXBuildFile; fileRef = 774391082C1624CC0067147A /* Example1.swift */; };
		7743910B2C1625980067147A /* Example4.swift in Sources */ = {isa = PBXBuildFile; fileRef = 7743910A2C1625980067147A /* Example4.swift */; };
		7743910D2C1629210067147A /* Example5.swift in Sources */ = {isa = PBXBuildFile; fileRef = 7743910C2C1629210067147A /* Example5.swift */; };
		7743910F2C16367E0067147A /* Order.swift in Sources */ = {isa = PBXBuildFile; fileRef = 7743910E2C16367E0067147A /* Order.swift */; };
		774391132C163A760067147A /* AddressView.swift in Sources */ = {isa = PBXBuildFile; fileRef = 774391122C163A760067147A /* AddressView.swift */; };
		77C781FB2C121D0D0039CF74 /* CupcakeCornerApp.swift in Sources */ = {isa = PBXBuildFile; fileRef = 77C781FA2C121D0D0039CF74 /* CupcakeCornerApp.swift */; };
		77C781FD2C121D0D0039CF74 /* ContentView.swift in Sources */ = {isa = PBXBuildFile; fileRef = 77C781FC2C121D0D0039CF74 /* ContentView.swift */; };
		77C781FF2C121D0E0039CF74 /* Assets.xcassets in Resources */ = {isa = PBXBuildFile; fileRef = 77C781FE2C121D0E0039CF74 /* Assets.xcassets */; };
		77C782022C121D0E0039CF74 /* Preview Assets.xcassets in Resources */ = {isa = PBXBuildFile; fileRef = 77C782012C121D0E0039CF74 /* Preview Assets.xcassets */; };
		77C7820C2C121D0F0039CF74 /* CupcakeCornerTests.swift in Sources */ = {isa = PBXBuildFile; fileRef = 77C7820B2C121D0F0039CF74 /* CupcakeCornerTests.swift */; };
		77C782162C121D0F0039CF74 /* CupcakeCornerUITests.swift in Sources */ = {isa = PBXBuildFile; fileRef = 77C782152C121D0F0039CF74 /* CupcakeCornerUITests.swift */; };
		77C782182C121D0F0039CF74 /* CupcakeCornerUITestsLaunchTests.swift in Sources */ = {isa = PBXBuildFile; fileRef = 77C782172C121D0F0039CF74 /* CupcakeCornerUITestsLaunchTests.swift */; };
		77E3390E2C1E24910094D4D9 /* CheckoutView.swift in Sources */ = {isa = PBXBuildFile; fileRef = 77E3390D2C1E24910094D4D9 /* CheckoutView.swift */; };
/* End PBXBuildFile section */

/* Begin PBXContainerItemProxy section */
		77C782082C121D0F0039CF74 /* PBXContainerItemProxy */ = {
			isa = PBXContainerItemProxy;
			containerPortal = 77C781EF2C121D0D0039CF74 /* Project object */;
			proxyType = 1;
			remoteGlobalIDString = 77C781F62C121D0D0039CF74;
			remoteInfo = CupcakeCorner;
		};
		77C782122C121D0F0039CF74 /* PBXContainerItemProxy */ = {
			isa = PBXContainerItemProxy;
			containerPortal = 77C781EF2C121D0D0039CF74 /* Project object */;
			proxyType = 1;
			remoteGlobalIDString = 77C781F62C121D0D0039CF74;
			remoteInfo = CupcakeCorner;
		};
/* End PBXContainerItemProxy section */

/* Begin PBXFileReference section */
		771B81282C154E0900B6BE3D /* Example2.swift */ = {isa = PBXFileReference; lastKnownFileType = sourcecode.swift; path = Example2.swift; sourceTree = "<group>"; };
		774391062C1620480067147A /* Example3.swift */ = {isa = PBXFileReference; lastKnownFileType = sourcecode.swift; path = Example3.swift; sourceTree = "<group>"; };
		774391082C1624CC0067147A /* Example1.swift */ = {isa = PBXFileReference; lastKnownFileType = sourcecode.swift; path = Example1.swift; sourceTree = "<group>"; };
		7743910A2C1625980067147A /* Example4.swift */ = {isa = PBXFileReference; lastKnownFileType = sourcecode.swift; path = Example4.swift; sourceTree = "<group>"; };
		7743910C2C1629210067147A /* Example5.swift */ = {isa = PBXFileReference; lastKnownFileType = sourcecode.swift; path = Example5.swift; sourceTree = "<group>"; };
		7743910E2C16367E0067147A /* Order.swift */ = {isa = PBXFileReference; lastKnownFileType = sourcecode.swift; path = Order.swift; sourceTree = "<group>"; };
		774391122C163A760067147A /* AddressView.swift */ = {isa = PBXFileReference; lastKnownFileType = sourcecode.swift; path = AddressView.swift; sourceTree = "<group>"; };
		77C781F72C121D0D0039CF74 /* CupcakeCorner.app */ = {isa = PBXFileReference; explicitFileType = wrapper.application; includeInIndex = 0; path = CupcakeCorner.app; sourceTree = BUILT_PRODUCTS_DIR; };
		77C781FA2C121D0D0039CF74 /* CupcakeCornerApp.swift */ = {isa = PBXFileReference; lastKnownFileType = sourcecode.swift; path = CupcakeCornerApp.swift; sourceTree = "<group>"; };
		77C781FC2C121D0D0039CF74 /* ContentView.swift */ = {isa = PBXFileReference; lastKnownFileType = sourcecode.swift; path = ContentView.swift; sourceTree = "<group>"; };
		77C781FE2C121D0E0039CF74 /* Assets.xcassets */ = {isa = PBXFileReference; lastKnownFileType = folder.assetcatalog; path = Assets.xcassets; sourceTree = "<group>"; };
		77C782012C121D0E0039CF74 /* Preview Assets.xcassets */ = {isa = PBXFileReference; lastKnownFileType = folder.assetcatalog; path = "Preview Assets.xcassets"; sourceTree = "<group>"; };
		77C782072C121D0F0039CF74 /* CupcakeCornerTests.xctest */ = {isa = PBXFileReference; explicitFileType = wrapper.cfbundle; includeInIndex = 0; path = CupcakeCornerTests.xctest; sourceTree = BUILT_PRODUCTS_DIR; };
		77C7820B2C121D0F0039CF74 /* CupcakeCornerTests.swift */ = {isa = PBXFileReference; lastKnownFileType = sourcecode.swift; path = CupcakeCornerTests.swift; sourceTree = "<group>"; };
		77C782112C121D0F0039CF74 /* CupcakeCornerUITests.xctest */ = {isa = PBXFileReference; explicitFileType = wrapper.cfbundle; includeInIndex = 0; path = CupcakeCornerUITests.xctest; sourceTree = BUILT_PRODUCTS_DIR; };
		77C782152C121D0F0039CF74 /* CupcakeCornerUITests.swift */ = {isa = PBXFileReference; lastKnownFileType = sourcecode.swift; path = CupcakeCornerUITests.swift; sourceTree = "<group>"; };
		77C782172C121D0F0039CF74 /* CupcakeCornerUITestsLaunchTests.swift */ = {isa = PBXFileReference; lastKnownFileType = sourcecode.swift; path = CupcakeCornerUITestsLaunchTests.swift; sourceTree = "<group>"; };
		77E3390D2C1E24910094D4D9 /* CheckoutView.swift */ = {isa = PBXFileReference; lastKnownFileType = sourcecode.swift; path = CheckoutView.swift; sourceTree = "<group>"; };
/* End PBXFileReference section */

/* Begin PBXFrameworksBuildPhase section */
		77C781F42C121D0D0039CF74 /* Frameworks */ = {
			isa = PBXFrameworksBuildPhase;
			buildActionMask = 2147483647;
			files = (
			);
			runOnlyForDeploymentPostprocessing = 0;
		};
		77C782042C121D0F0039CF74 /* Frameworks */ = {
			isa = PBXFrameworksBuildPhase;
			buildActionMask = 2147483647;
			files = (
			);
			runOnlyForDeploymentPostprocessing = 0;
		};
		77C7820E2C121D0F0039CF74 /* Frameworks */ = {
			isa = PBXFrameworksBuildPhase;
			buildActionMask = 2147483647;
			files = (
			);
			runOnlyForDeploymentPostprocessing = 0;
		};
/* End PBXFrameworksBuildPhase section */

/* Begin PBXGroup section */
		77C781EE2C121D0D0039CF74 = {
			isa = PBXGroup;
			children = (
				77C781F92C121D0D0039CF74 /* CupcakeCorner */,
				77C7820A2C121D0F0039CF74 /* CupcakeCornerTests */,
				77C782142C121D0F0039CF74 /* CupcakeCornerUITests */,
				77C781F82C121D0D0039CF74 /* Products */,
			);
			sourceTree = "<group>";
		};
		77C781F82C121D0D0039CF74 /* Products */ = {
			isa = PBXGroup;
			children = (
				77C781F72C121D0D0039CF74 /* CupcakeCorner.app */,
				77C782072C121D0F0039CF74 /* CupcakeCornerTests.xctest */,
				77C782112C121D0F0039CF74 /* CupcakeCornerUITests.xctest */,
			);
			name = Products;
			sourceTree = "<group>";
		};
		77C781F92C121D0D0039CF74 /* CupcakeCorner */ = {
			isa = PBXGroup;
			children = (
				77C781FA2C121D0D0039CF74 /* CupcakeCornerApp.swift */,
				77C781FC2C121D0D0039CF74 /* ContentView.swift */,
				774391082C1624CC0067147A /* Example1.swift */,
				771B81282C154E0900B6BE3D /* Example2.swift */,
				774391062C1620480067147A /* Example3.swift */,
				7743910A2C1625980067147A /* Example4.swift */,
				7743910C2C1629210067147A /* Example5.swift */,
				7743910E2C16367E0067147A /* Order.swift */,
				774391122C163A760067147A /* AddressView.swift */,
				77E3390D2C1E24910094D4D9 /* CheckoutView.swift */,
				77C781FE2C121D0E0039CF74 /* Assets.xcassets */,
				77C782002C121D0E0039CF74 /* Preview Content */,
			);
			path = CupcakeCorner;
			sourceTree = "<group>";
		};
		77C782002C121D0E0039CF74 /* Preview Content */ = {
			isa = PBXGroup;
			children = (
				77C782012C121D0E0039CF74 /* Preview Assets.xcassets */,
			);
			path = "Preview Content";
			sourceTree = "<group>";
		};
		77C7820A2C121D0F0039CF74 /* CupcakeCornerTests */ = {
			isa = PBXGroup;
			children = (
				77C7820B2C121D0F0039CF74 /* CupcakeCornerTests.swift */,
			);
			path = CupcakeCornerTests;
			sourceTree = "<group>";
		};
		77C782142C121D0F0039CF74 /* CupcakeCornerUITests */ = {
			isa = PBXGroup;
			children = (
				77C782152C121D0F0039CF74 /* CupcakeCornerUITests.swift */,
				77C782172C121D0F0039CF74 /* CupcakeCornerUITestsLaunchTests.swift */,
			);
			path = CupcakeCornerUITests;
			sourceTree = "<group>";
		};
/* End PBXGroup section */

/* Begin PBXNativeTarget section */
		77C781F62C121D0D0039CF74 /* CupcakeCorner */ = {
			isa = PBXNativeTarget;
			buildConfigurationList = 77C7821B2C121D0F0039CF74 /* Build configuration list for PBXNativeTarget "CupcakeCorner" */;
			buildPhases = (
				77C781F32C121D0D0039CF74 /* Sources */,
				77C781F42C121D0D0039CF74 /* Frameworks */,
				77C781F52C121D0D0039CF74 /* Resources */,
			);
			buildRules = (
			);
			dependencies = (
			);
			name = CupcakeCorner;
			productName = CupcakeCorner;
			productReference = 77C781F72C121D0D0039CF74 /* CupcakeCorner.app */;
			productType = "com.apple.product-type.application";
		};
		77C782062C121D0F0039CF74 /* CupcakeCornerTests */ = {
			isa = PBXNativeTarget;
			buildConfigurationList = 77C7821E2C121D0F0039CF74 /* Build configuration list for PBXNativeTarget "CupcakeCornerTests" */;
			buildPhases = (
				77C782032C121D0F0039CF74 /* Sources */,
				77C782042C121D0F0039CF74 /* Frameworks */,
				77C782052C121D0F0039CF74 /* Resources */,
			);
			buildRules = (
			);
			dependencies = (
				77C782092C121D0F0039CF74 /* PBXTargetDependency */,
			);
			name = CupcakeCornerTests;
			productName = CupcakeCornerTests;
			productReference = 77C782072C121D0F0039CF74 /* CupcakeCornerTests.xctest */;
			productType = "com.apple.product-type.bundle.unit-test";
		};
		77C782102C121D0F0039CF74 /* CupcakeCornerUITests */ = {
			isa = PBXNativeTarget;
			buildConfigurationList = 77C782212C121D0F0039CF74 /* Build configuration list for PBXNativeTarget "CupcakeCornerUITests" */;
			buildPhases = (
				77C7820D2C121D0F0039CF74 /* Sources */,
				77C7820E2C121D0F0039CF74 /* Frameworks */,
				77C7820F2C121D0F0039CF74 /* Resources */,
			);
			buildRules = (
			);
			dependencies = (
				77C782132C121D0F0039CF74 /* PBXTargetDependency */,
			);
			name = CupcakeCornerUITests;
			productName = CupcakeCornerUITests;
			productReference = 77C782112C121D0F0039CF74 /* CupcakeCornerUITests.xctest */;
			productType = "com.apple.product-type.bundle.ui-testing";
		};
/* End PBXNativeTarget section */

/* Begin PBXProject section */
		77C781EF2C121D0D0039CF74 /* Project object */ = {
			isa = PBXProject;
			attributes = {
				BuildIndependentTargetsInParallel = 1;
				LastSwiftUpdateCheck = 1530;
				LastUpgradeCheck = 1530;
				TargetAttributes = {
					77C781F62C121D0D0039CF74 = {
						CreatedOnToolsVersion = 15.3;
					};
					77C782062C121D0F0039CF74 = {
						CreatedOnToolsVersion = 15.3;
						TestTargetID = 77C781F62C121D0D0039CF74;
					};
					77C782102C121D0F0039CF74 = {
						CreatedOnToolsVersion = 15.3;
						TestTargetID = 77C781F62C121D0D0039CF74;
					};
				};
			};
			buildConfigurationList = 77C781F22C121D0D0039CF74 /* Build configuration list for PBXProject "CupcakeCorner" */;
			compatibilityVersion = "Xcode 14.0";
			developmentRegion = en;
			hasScannedForEncodings = 0;
			knownRegions = (
				en,
				Base,
			);
			mainGroup = 77C781EE2C121D0D0039CF74;
			productRefGroup = 77C781F82C121D0D0039CF74 /* Products */;
			projectDirPath = "";
			projectRoot = "";
			targets = (
				77C781F62C121D0D0039CF74 /* CupcakeCorner */,
				77C782062C121D0F0039CF74 /* CupcakeCornerTests */,
				77C782102C121D0F0039CF74 /* CupcakeCornerUITests */,
			);
		};
/* End PBXProject section */

/* Begin PBXResourcesBuildPhase section */
		77C781F52C121D0D0039CF74 /* Resources */ = {
			isa = PBXResourcesBuildPhase;
			buildActionMask = 2147483647;
			files = (
				77C782022C121D0E0039CF74 /* Preview Assets.xcassets in Resources */,
				77C781FF2C121D0E0039CF74 /* Assets.xcassets in Resources */,
			);
			runOnlyForDeploymentPostprocessing = 0;
		};
		77C782052C121D0F0039CF74 /* Resources */ = {
			isa = PBXResourcesBuildPhase;
			buildActionMask = 2147483647;
			files = (
			);
			runOnlyForDeploymentPostprocessing = 0;
		};
		77C7820F2C121D0F0039CF74 /* Resources */ = {
			isa = PBXResourcesBuildPhase;
			buildActionMask = 2147483647;
			files = (
			);
			runOnlyForDeploymentPostprocessing = 0;
		};
/* End PBXResourcesBuildPhase section */

/* Begin PBXSourcesBuildPhase section */
		77C781F32C121D0D0039CF74 /* Sources */ = {
			isa = PBXSourcesBuildPhase;
			buildActionMask = 2147483647;
			files = (
				774391072C1620480067147A /* Example3.swift in Sources */,
				7743910B2C1625980067147A /* Example4.swift in Sources */,
				77E3390E2C1E24910094D4D9 /* CheckoutView.swift in Sources */,
				7743910F2C16367E0067147A /* Order.swift in Sources */,
				7743910D2C1629210067147A /* Example5.swift in Sources */,
				77C781FD2C121D0D0039CF74 /* ContentView.swift in Sources */,
				774391132C163A760067147A /* AddressView.swift in Sources */,
				771B81292C154E0900B6BE3D /* Example2.swift in Sources */,
				774391092C1624CC0067147A /* Example1.swift in Sources */,
				77C781FB2C121D0D0039CF74 /* CupcakeCornerApp.swift in Sources */,
			);
			runOnlyForDeploymentPostprocessing = 0;
		};
		77C782032C121D0F0039CF74 /* Sources */ = {
			isa = PBXSourcesBuildPhase;
			buildActionMask = 2147483647;
			files = (
				77C7820C2C121D0F0039CF74 /* CupcakeCornerTests.swift in Sources */,
			);
			runOnlyForDeploymentPostprocessing = 0;
		};
		77C7820D2C121D0F0039CF74 /* Sources */ = {
			isa = PBXSourcesBuildPhase;
			buildActionMask = 2147483647;
			files = (
				77C782182C121D0F0039CF74 /* CupcakeCornerUITestsLaunchTests.swift in Sources */,
				77C782162C121D0F0039CF74 /* CupcakeCornerUITests.swift in Sources */,
			);
			runOnlyForDeploymentPostprocessing = 0;
		};
/* End PBXSourcesBuildPhase section */

/* Begin PBXTargetDependency section */
		77C782092C121D0F0039CF74 /* PBXTargetDependency */ = {
			isa = PBXTargetDependency;
			target = 77C781F62C121D0D0039CF74 /* CupcakeCorner */;
			targetProxy = 77C782082C121D0F0039CF74 /* PBXContainerItemProxy */;
		};
		77C782132C121D0F0039CF74 /* PBXTargetDependency */ = {
			isa = PBXTargetDependency;
			target = 77C781F62C121D0D0039CF74 /* CupcakeCorner */;
			targetProxy = 77C782122C121D0F0039CF74 /* PBXContainerItemProxy */;
		};
/* End PBXTargetDependency section */

/* Begin XCBuildConfiguration section */
		77C782192C121D0F0039CF74 /* Debug */ = {
			isa = XCBuildConfiguration;
			buildSettings = {
				ALWAYS_SEARCH_USER_PATHS = NO;
				ASSETCATALOG_COMPILER_GENERATE_SWIFT_ASSET_SYMBOL_EXTENSIONS = YES;
				CLANG_ANALYZER_NONNULL = YES;
				CLANG_ANALYZER_NUMBER_OBJECT_CONVERSION = YES_AGGRESSIVE;
				CLANG_CXX_LANGUAGE_STANDARD = "gnu++20";
				CLANG_ENABLE_MODULES = YES;
				CLANG_ENABLE_OBJC_ARC = YES;
				CLANG_ENABLE_OBJC_WEAK = YES;
				CLANG_WARN_BLOCK_CAPTURE_AUTORELEASING = YES;
				CLANG_WARN_BOOL_CONVERSION = YES;
				CLANG_WARN_COMMA = YES;
				CLANG_WARN_CONSTANT_CONVERSION = YES;
				CLANG_WARN_DEPRECATED_OBJC_IMPLEMENTATIONS = YES;
				CLANG_WARN_DIRECT_OBJC_ISA_USAGE = YES_ERROR;
				CLANG_WARN_DOCUMENTATION_COMMENTS = YES;
				CLANG_WARN_EMPTY_BODY = YES;
				CLANG_WARN_ENUM_CONVERSION = YES;
				CLANG_WARN_INFINITE_RECURSION = YES;
				CLANG_WARN_INT_CONVERSION = YES;
				CLANG_WARN_NON_LITERAL_NULL_CONVERSION = YES;
				CLANG_WARN_OBJC_IMPLICIT_RETAIN_SELF = YES;
				CLANG_WARN_OBJC_LITERAL_CONVERSION = YES;
				CLANG_WARN_OBJC_ROOT_CLASS = YES_ERROR;
				CLANG_WARN_QUOTED_INCLUDE_IN_FRAMEWORK_HEADER = YES;
				CLANG_WARN_RANGE_LOOP_ANALYSIS = YES;
				CLANG_WARN_STRICT_PROTOTYPES = YES;
				CLANG_WARN_SUSPICIOUS_MOVE = YES;
				CLANG_WARN_UNGUARDED_AVAILABILITY = YES_AGGRESSIVE;
				CLANG_WARN_UNREACHABLE_CODE = YES;
				CLANG_WARN__DUPLICATE_METHOD_MATCH = YES;
				COPY_PHASE_STRIP = NO;
				DEBUG_INFORMATION_FORMAT = dwarf;
				ENABLE_STRICT_OBJC_MSGSEND = YES;
				ENABLE_TESTABILITY = YES;
				ENABLE_USER_SCRIPT_SANDBOXING = YES;
				GCC_C_LANGUAGE_STANDARD = gnu17;
				GCC_DYNAMIC_NO_PIC = NO;
				GCC_NO_COMMON_BLOCKS = YES;
				GCC_OPTIMIZATION_LEVEL = 0;
				GCC_PREPROCESSOR_DEFINITIONS = (
					"DEBUG=1",
					"$(inherited)",
				);
				GCC_WARN_64_TO_32_BIT_CONVERSION = YES;
				GCC_WARN_ABOUT_RETURN_TYPE = YES_ERROR;
				GCC_WARN_UNDECLARED_SELECTOR = YES;
				GCC_WARN_UNINITIALIZED_AUTOS = YES_AGGRESSIVE;
				GCC_WARN_UNUSED_FUNCTION = YES;
				GCC_WARN_UNUSED_VARIABLE = YES;
				IPHONEOS_DEPLOYMENT_TARGET = 17.4;
				LOCALIZATION_PREFERS_STRING_CATALOGS = YES;
				MTL_ENABLE_DEBUG_INFO = INCLUDE_SOURCE;
				MTL_FAST_MATH = YES;
				ONLY_ACTIVE_ARCH = YES;
				SDKROOT = iphoneos;
				SWIFT_ACTIVE_COMPILATION_CONDITIONS = "DEBUG $(inherited)";
				SWIFT_OPTIMIZATION_LEVEL = "-Onone";
			};
			name = Debug;
		};
		77C7821A2C121D0F0039CF74 /* Release */ = {
			isa = XCBuildConfiguration;
			buildSettings = {
				ALWAYS_SEARCH_USER_PATHS = NO;
				ASSETCATALOG_COMPILER_GENERATE_SWIFT_ASSET_SYMBOL_EXTENSIONS = YES;
				CLANG_ANALYZER_NONNULL = YES;
				CLANG_ANALYZER_NUMBER_OBJECT_CONVERSION = YES_AGGRESSIVE;
				CLANG_CXX_LANGUAGE_STANDARD = "gnu++20";
				CLANG_ENABLE_MODULES = YES;
				CLANG_ENABLE_OBJC_ARC = YES;
				CLANG_ENABLE_OBJC_WEAK = YES;
				CLANG_WARN_BLOCK_CAPTURE_AUTORELEASING = YES;
				CLANG_WARN_BOOL_CONVERSION = YES;
				CLANG_WARN_COMMA = YES;
				CLANG_WARN_CONSTANT_CONVERSION = YES;
				CLANG_WARN_DEPRECATED_OBJC_IMPLEMENTATIONS = YES;
				CLANG_WARN_DIRECT_OBJC_ISA_USAGE = YES_ERROR;
				CLANG_WARN_DOCUMENTATION_COMMENTS = YES;
				CLANG_WARN_EMPTY_BODY = YES;
				CLANG_WARN_ENUM_CONVERSION = YES;
				CLANG_WARN_INFINITE_RECURSION = YES;
				CLANG_WARN_INT_CONVERSION = YES;
				CLANG_WARN_NON_LITERAL_NULL_CONVERSION = YES;
				CLANG_WARN_OBJC_IMPLICIT_RETAIN_SELF = YES;
				CLANG_WARN_OBJC_LITERAL_CONVERSION = YES;
				CLANG_WARN_OBJC_ROOT_CLASS = YES_ERROR;
				CLANG_WARN_QUOTED_INCLUDE_IN_FRAMEWORK_HEADER = YES;
				CLANG_WARN_RANGE_LOOP_ANALYSIS = YES;
				CLANG_WARN_STRICT_PROTOTYPES = YES;
				CLANG_WARN_SUSPICIOUS_MOVE = YES;
				CLANG_WARN_UNGUARDED_AVAILABILITY = YES_AGGRESSIVE;
				CLANG_WARN_UNREACHABLE_CODE = YES;
				CLANG_WARN__DUPLICATE_METHOD_MATCH = YES;
				COPY_PHASE_STRIP = NO;
				DEBUG_INFORMATION_FORMAT = "dwarf-with-dsym";
				ENABLE_NS_ASSERTIONS = NO;
				ENABLE_STRICT_OBJC_MSGSEND = YES;
				ENABLE_USER_SCRIPT_SANDBOXING = YES;
				GCC_C_LANGUAGE_STANDARD = gnu17;
				GCC_NO_COMMON_BLOCKS = YES;
				GCC_WARN_64_TO_32_BIT_CONVERSION = YES;
				GCC_WARN_ABOUT_RETURN_TYPE = YES_ERROR;
				GCC_WARN_UNDECLARED_SELECTOR = YES;
				GCC_WARN_UNINITIALIZED_AUTOS = YES_AGGRESSIVE;
				GCC_WARN_UNUSED_FUNCTION = YES;
				GCC_WARN_UNUSED_VARIABLE = YES;
				IPHONEOS_DEPLOYMENT_TARGET = 17.4;
				LOCALIZATION_PREFERS_STRING_CATALOGS = YES;
				MTL_ENABLE_DEBUG_INFO = NO;
				MTL_FAST_MATH = YES;
				SDKROOT = iphoneos;
				SWIFT_COMPILATION_MODE = wholemodule;
				VALIDATE_PRODUCT = YES;
			};
			name = Release;
		};
		77C7821C2C121D0F0039CF74 /* Debug */ = {
			isa = XCBuildConfiguration;
			buildSettings = {
				ASSETCATALOG_COMPILER_APPICON_NAME = AppIcon;
				ASSETCATALOG_COMPILER_GLOBAL_ACCENT_COLOR_NAME = AccentColor;
				CODE_SIGN_STYLE = Automatic;
				CURRENT_PROJECT_VERSION = 1;
				DEVELOPMENT_ASSET_PATHS = "\"CupcakeCorner/Preview Content\"";
				ENABLE_PREVIEWS = YES;
				GENERATE_INFOPLIST_FILE = YES;
				INFOPLIST_KEY_UIApplicationSceneManifest_Generation = YES;
				INFOPLIST_KEY_UIApplicationSupportsIndirectInputEvents = YES;
				INFOPLIST_KEY_UILaunchScreen_Generation = YES;
				INFOPLIST_KEY_UISupportedInterfaceOrientations_iPad = "UIInterfaceOrientationPortrait UIInterfaceOrientationPortraitUpsideDown UIInterfaceOrientationLandscapeLeft UIInterfaceOrientationLandscapeRight";
				INFOPLIST_KEY_UISupportedInterfaceOrientations_iPhone = "UIInterfaceOrientationPortrait UIInterfaceOrientationLandscapeLeft UIInterfaceOrientationLandscapeRight";
				LD_RUNPATH_SEARCH_PATHS = (
					"$(inherited)",
					"@executable_path/Frameworks",
				);
				MARKETING_VERSION = 1.0;
				PRODUCT_BUNDLE_IDENTIFIER = com.lienhard.CupcakeCorner;
				PRODUCT_NAME = "$(TARGET_NAME)";
				SWIFT_EMIT_LOC_STRINGS = YES;
				SWIFT_VERSION = 5.0;
				TARGETED_DEVICE_FAMILY = "1,2";
			};
			name = Debug;
		};
		77C7821D2C121D0F0039CF74 /* Release */ = {
			isa = XCBuildConfiguration;
			buildSettings = {
				ASSETCATALOG_COMPILER_APPICON_NAME = AppIcon;
				ASSETCATALOG_COMPILER_GLOBAL_ACCENT_COLOR_NAME = AccentColor;
				CODE_SIGN_STYLE = Automatic;
				CURRENT_PROJECT_VERSION = 1;
				DEVELOPMENT_ASSET_PATHS = "\"CupcakeCorner/Preview Content\"";
				ENABLE_PREVIEWS = YES;
				GENERATE_INFOPLIST_FILE = YES;
				INFOPLIST_KEY_UIApplicationSceneManifest_Generation = YES;
				INFOPLIST_KEY_UIApplicationSupportsIndirectInputEvents = YES;
				INFOPLIST_KEY_UILaunchScreen_Generation = YES;
				INFOPLIST_KEY_UISupportedInterfaceOrientations_iPad = "UIInterfaceOrientationPortrait UIInterfaceOrientationPortraitUpsideDown UIInterfaceOrientationLandscapeLeft UIInterfaceOrientationLandscapeRight";
				INFOPLIST_KEY_UISupportedInterfaceOrientations_iPhone = "UIInterfaceOrientationPortrait UIInterfaceOrientationLandscapeLeft UIInterfaceOrientationLandscapeRight";
				LD_RUNPATH_SEARCH_PATHS = (
					"$(inherited)",
					"@executable_path/Frameworks",
				);
				MARKETING_VERSION = 1.0;
				PRODUCT_BUNDLE_IDENTIFIER = com.lienhard.CupcakeCorner;
				PRODUCT_NAME = "$(TARGET_NAME)";
				SWIFT_EMIT_LOC_STRINGS = YES;
				SWIFT_VERSION = 5.0;
				TARGETED_DEVICE_FAMILY = "1,2";
			};
			name = Release;
		};
		77C7821F2C121D0F0039CF74 /* Debug */ = {
			isa = XCBuildConfiguration;
			buildSettings = {
				ALWAYS_EMBED_SWIFT_STANDARD_LIBRARIES = YES;
				BUNDLE_LOADER = "$(TEST_HOST)";
				CODE_SIGN_STYLE = Automatic;
				CURRENT_PROJECT_VERSION = 1;
				GENERATE_INFOPLIST_FILE = YES;
				IPHONEOS_DEPLOYMENT_TARGET = 17.4;
				MARKETING_VERSION = 1.0;
				PRODUCT_BUNDLE_IDENTIFIER = com.lienhard.CupcakeCornerTests;
				PRODUCT_NAME = "$(TARGET_NAME)";
				SWIFT_EMIT_LOC_STRINGS = NO;
				SWIFT_VERSION = 5.0;
				TARGETED_DEVICE_FAMILY = "1,2";
				TEST_HOST = "$(BUILT_PRODUCTS_DIR)/CupcakeCorner.app/$(BUNDLE_EXECUTABLE_FOLDER_PATH)/CupcakeCorner";
			};
			name = Debug;
		};
		77C782202C121D0F0039CF74 /* Release */ = {
			isa = XCBuildConfiguration;
			buildSettings = {
				ALWAYS_EMBED_SWIFT_STANDARD_LIBRARIES = YES;
				BUNDLE_LOADER = "$(TEST_HOST)";
				CODE_SIGN_STYLE = Automatic;
				CURRENT_PROJECT_VERSION = 1;
				GENERATE_INFOPLIST_FILE = YES;
				IPHONEOS_DEPLOYMENT_TARGET = 17.4;
				MARKETING_VERSION = 1.0;
				PRODUCT_BUNDLE_IDENTIFIER = com.lienhard.CupcakeCornerTests;
				PRODUCT_NAME = "$(TARGET_NAME)";
				SWIFT_EMIT_LOC_STRINGS = NO;
				SWIFT_VERSION = 5.0;
				TARGETED_DEVICE_FAMILY = "1,2";
				TEST_HOST = "$(BUILT_PRODUCTS_DIR)/CupcakeCorner.app/$(BUNDLE_EXECUTABLE_FOLDER_PATH)/CupcakeCorner";
			};
			name = Release;
		};
		77C782222C121D0F0039CF74 /* Debug */ = {
			isa = XCBuildConfiguration;
			buildSettings = {
				ALWAYS_EMBED_SWIFT_STANDARD_LIBRARIES = YES;
				CODE_SIGN_STYLE = Automatic;
				CURRENT_PROJECT_VERSION = 1;
				GENERATE_INFOPLIST_FILE = YES;
				MARKETING_VERSION = 1.0;
				PRODUCT_BUNDLE_IDENTIFIER = com.lienhard.CupcakeCornerUITests;
				PRODUCT_NAME = "$(TARGET_NAME)";
				SWIFT_EMIT_LOC_STRINGS = NO;
				SWIFT_VERSION = 5.0;
				TARGETED_DEVICE_FAMILY = "1,2";
				TEST_TARGET_NAME = CupcakeCorner;
			};
			name = Debug;
		};
		77C782232C121D0F0039CF74 /* Release */ = {
			isa = XCBuildConfiguration;
			buildSettings = {
				ALWAYS_EMBED_SWIFT_STANDARD_LIBRARIES = YES;
				CODE_SIGN_STYLE = Automatic;
				CURRENT_PROJECT_VERSION = 1;
				GENERATE_INFOPLIST_FILE = YES;
				MARKETING_VERSION = 1.0;
				PRODUCT_BUNDLE_IDENTIFIER = com.lienhard.CupcakeCornerUITests;
				PRODUCT_NAME = "$(TARGET_NAME)";
				SWIFT_EMIT_LOC_STRINGS = NO;
				SWIFT_VERSION = 5.0;
				TARGETED_DEVICE_FAMILY = "1,2";
				TEST_TARGET_NAME = CupcakeCorner;
			};
			name = Release;
		};
/* End XCBuildConfiguration section */

/* Begin XCConfigurationList section */
		77C781F22C121D0D0039CF74 /* Build configuration list for PBXProject "CupcakeCorner" */ = {
			isa = XCConfigurationList;
			buildConfigurations = (
				77C782192C121D0F0039CF74 /* Debug */,
				77C7821A2C121D0F0039CF74 /* Release */,
			);
			defaultConfigurationIsVisible = 0;
			defaultConfigurationName = Release;
		};
		77C7821B2C121D0F0039CF74 /* Build configuration list for PBXNativeTarget "CupcakeCorner" */ = {
			isa = XCConfigurationList;
			buildConfigurations = (
				77C7821C2C121D0F0039CF74 /* Debug */,
				77C7821D2C121D0F0039CF74 /* Release */,
			);
			defaultConfigurationIsVisible = 0;
			defaultConfigurationName = Release;
		};
		77C7821E2C121D0F0039CF74 /* Build configuration list for PBXNativeTarget "CupcakeCornerTests" */ = {
			isa = XCConfigurationList;
			buildConfigurations = (
				77C7821F2C121D0F0039CF74 /* Debug */,
				77C782202C121D0F0039CF74 /* Release */,
			);
			defaultConfigurationIsVisible = 0;
			defaultConfigurationName = Release;
		};
		77C782212C121D0F0039CF74 /* Build configuration list for PBXNativeTarget "CupcakeCornerUITests" */ = {
			isa = XCConfigurationList;
			buildConfigurations = (
				77C782222C121D0F0039CF74 /* Debug */,
				77C782232C121D0F0039CF74 /* Release */,
			);
			defaultConfigurationIsVisible = 0;
			defaultConfigurationName = Release;
		};
/* End XCConfigurationList section */
	};
	rootObject = 77C781EF2C121D0D0039CF74 /* Project object */;
}
